
Microsoft Visual Studio Solution File, Format Version 12.00
# Visual Studio 15
VisualStudioVersion = 15.0.28307.1622
MinimumVisualStudioVersion = 10.0.40219.1
Project("{FAE04EC0-301F-11D3-BF4B-00C04F79EFBC}") = "AyudaProyecto", "AyudaProyecto\AyudaProyecto.csproj", "{DFFDE15D-6E41-4446-85E2-59711FE66D8A}"
EndProject
Project("{FAE04EC0-301F-11D3-BF4B-00C04F79EFBC}") = "CapaLogica", "CapaLogica\CapaLogica.csproj", "{CA29FACE-A1FB-484E-8C08-D19F62A14B26}"
EndProject
Global
	GlobalSection(SolutionConfigurationPlatforms) = preSolution
		Debug|Any CPU = Debug|Any CPU
		Release|Any CPU = Release|Any CPU
	EndGlobalSection
	GlobalSection(ProjectConfigurationPlatforms) = postSolution
		{DFFDE15D-6E41-4446-85E2-59711FE66D8A}.Debug|Any CPU.ActiveCfg = Debug|Any CPU
		{DFFDE15D-6E41-4446-85E2-59711FE66D8A}.Debug|Any CPU.Build.0 = Debug|Any CPU
		{DFFDE15D-6E41-4446-85E2-59711FE66D8A}.Release|Any CPU.ActiveCfg = Release|Any CPU
		{DFFDE15D-6E41-4446-85E2-59711FE66D8A}.Release|Any CPU.Build.0 = Release|Any CPU
		{CA29FACE-A1FB-484E-8C08-D19F62A14B26}.Debug|Any CPU.ActiveCfg = Debug|Any CPU
		{CA29FACE-A1FB-484E-8C08-D19F62A14B26}.Debug|Any CPU.Build.0 = Debug|Any CPU
		{CA29FACE-A1FB-484E-8C08-D19F62A14B26}.Release|Any CPU.ActiveCfg = Release|Any CPU
		{CA29FACE-A1FB-484E-8C08-D19F62A14B26}.Release|Any CPU.Build.0 = Release|Any CPU
	EndGlobalSection
	GlobalSection(SolutionProperties) = preSolution
		HideSolutionNode = FALSE
	EndGlobalSection
	GlobalSection(ExtensibilityGlobals) = postSolution
		SolutionGuid = {8F9262A3-4857-4915-ABA9-8B69F1960584}
	EndGlobalSection
EndGlobal
